
Microsoft Visual Studio Solution File, Format Version 12.00
# Visual Studio Version 16
VisualStudioVersion = 16.0.29424.173
MinimumVisualStudioVersion = 10.0.40219.1
Project("{FAE04EC0-301F-11D3-BF4B-00C04F79EFBC}") = "Server", "NetWork\Server.csproj", "{4EBADC1A-5634-490D-BB07-ED7783121928}"
	ProjectSection(ProjectDependencies) = postProject
		{74522771-CDAE-4AB8-A84B-FA1547CE14BC} = {74522771-CDAE-4AB8-A84B-FA1547CE14BC}
	EndProjectSection
EndProject
Project("{FAE04EC0-301F-11D3-BF4B-00C04F79EFBC}") = "Client", "Client\Client.csproj", "{9B6F85EE-C781-47BF-B157-49F6A507921B}"
	ProjectSection(ProjectDependencies) = postProject
		{74522771-CDAE-4AB8-A84B-FA1547CE14BC} = {74522771-CDAE-4AB8-A84B-FA1547CE14BC}
	EndProjectSection
EndProject
Project("{FAE04EC0-301F-11D3-BF4B-00C04F79EFBC}") = "CommonNet", "CommonNet\CommonNet.csproj", "{74522771-CDAE-4AB8-A84B-FA1547CE14BC}"
EndProject
Global
	GlobalSection(SolutionConfigurationPlatforms) = preSolution
		Debug|Any CPU = Debug|Any CPU
		Release|Any CPU = Release|Any CPU
	EndGlobalSection
	GlobalSection(ProjectConfigurationPlatforms) = postSolution
		{4EBADC1A-5634-490D-BB07-ED7783121928}.Debug|Any CPU.ActiveCfg = Debug|Any CPU
		{4EBADC1A-5634-490D-BB07-ED7783121928}.Debug|Any CPU.Build.0 = Debug|Any CPU
		{4EBADC1A-5634-490D-BB07-ED7783121928}.Release|Any CPU.ActiveCfg = Release|Any CPU
		{4EBADC1A-5634-490D-BB07-ED7783121928}.Release|Any CPU.Build.0 = Release|Any CPU
		{9B6F85EE-C781-47BF-B157-49F6A507921B}.Debug|Any CPU.ActiveCfg = Debug|Any CPU
		{9B6F85EE-C781-47BF-B157-49F6A507921B}.Debug|Any CPU.Build.0 = Debug|Any CPU
		{9B6F85EE-C781-47BF-B157-49F6A507921B}.Release|Any CPU.ActiveCfg = Release|Any CPU
		{9B6F85EE-C781-47BF-B157-49F6A507921B}.Release|Any CPU.Build.0 = Release|Any CPU
		{74522771-CDAE-4AB8-A84B-FA1547CE14BC}.Debug|Any CPU.ActiveCfg = Debug|Any CPU
		{74522771-CDAE-4AB8-A84B-FA1547CE14BC}.Debug|Any CPU.Build.0 = Debug|Any CPU
		{74522771-CDAE-4AB8-A84B-FA1547CE14BC}.Release|Any CPU.ActiveCfg = Release|Any CPU
		{74522771-CDAE-4AB8-A84B-FA1547CE14BC}.Release|Any CPU.Build.0 = Release|Any CPU
	EndGlobalSection
	GlobalSection(SolutionProperties) = preSolution
		HideSolutionNode = FALSE
	EndGlobalSection
	GlobalSection(ExtensibilityGlobals) = postSolution
		SolutionGuid = {70325B5C-3EA9-4457-997E-27BC7927AD32}
	EndGlobalSection
EndGlobal
